
Microsoft Visual Studio Solution File, Format Version 12.00
# Visual Studio Version 16
VisualStudioVersion = 16.0.33214.272
MinimumVisualStudioVersion = 10.0.40219.1
Project("{FAE04EC0-301F-11D3-BF4B-00C04F79EFBC}") = "WebUI_Explorer", "WebUI_Explorer.csproj", "{8F04B529-46E0-4576-8BC3-2C8DBBB17DEF}"
EndProject
Global
	GlobalSection(SolutionConfigurationPlatforms) = preSolution
		Debug|Any CPU = Debug|Any CPU
		Release|Any CPU = Release|Any CPU
	EndGlobalSection
	GlobalSection(ProjectConfigurationPlatforms) = postSolution
		{8F04B529-46E0-4576-8BC3-2C8DBBB17DEF}.Debug|Any CPU.ActiveCfg = Debug|Any CPU
		{8F04B529-46E0-4576-8BC3-2C8DBBB17DEF}.Debug|Any CPU.Build.0 = Debug|Any CPU
		{8F04B529-46E0-4576-8BC3-2C8DBBB17DEF}.Release|Any CPU.ActiveCfg = Release|Any CPU
		{8F04B529-46E0-4576-8BC3-2C8DBBB17DEF}.Release|Any CPU.Build.0 = Release|Any CPU
	EndGlobalSection
	GlobalSection(SolutionProperties) = preSolution
		HideSolutionNode = FALSE
	EndGlobalSection
	GlobalSection(ExtensibilityGlobals) = postSolution
		SolutionGuid = {721BBF5E-FAD0-4AEF-AE38-AA84C349E54B}
	EndGlobalSection
EndGlobal
